
Microsoft Visual Studio Solution File, Format Version 12.00
# Visual Studio 15
VisualStudioVersion = 15.0.27130.2027
MinimumVisualStudioVersion = 10.0.40219.1
Project("{FAE04EC0-301F-11D3-BF4B-00C04F79EFBC}") = "Guaflix", "Guaflix\Guaflix.csproj", "{24F93588-00BC-4EF6-B0A6-4D1B2E0E213E}"
EndProject
Global
	GlobalSection(SolutionConfigurationPlatforms) = preSolution
		Debug|Any CPU = Debug|Any CPU
		Release|Any CPU = Release|Any CPU
	EndGlobalSection
	GlobalSection(ProjectConfigurationPlatforms) = postSolution
		{24F93588-00BC-4EF6-B0A6-4D1B2E0E213E}.Debug|Any CPU.ActiveCfg = Debug|Any CPU
		{24F93588-00BC-4EF6-B0A6-4D1B2E0E213E}.Debug|Any CPU.Build.0 = Debug|Any CPU
		{24F93588-00BC-4EF6-B0A6-4D1B2E0E213E}.Release|Any CPU.ActiveCfg = Release|Any CPU
		{24F93588-00BC-4EF6-B0A6-4D1B2E0E213E}.Release|Any CPU.Build.0 = Release|Any CPU
	EndGlobalSection
	GlobalSection(SolutionProperties) = preSolution
		HideSolutionNode = FALSE
	EndGlobalSection
	GlobalSection(ExtensibilityGlobals) = postSolution
		SolutionGuid = {77B8E948-D5DD-4C9D-B28A-FA2D7118ACF2}
	EndGlobalSection
EndGlobal
