
Microsoft Visual Studio Solution File, Format Version 12.00
# Visual Studio 15
VisualStudioVersion = 15.0.27130.2026
MinimumVisualStudioVersion = 10.0.40219.1
Project("{FAE04EC0-301F-11D3-BF4B-00C04F79EFBC}") = "lab1_Edwin", "lab1_Edwin\lab1_Edwin.csproj", "{DD9595B3-395C-4AD0-B5AD-41F66FB61EE2}"
EndProject
Global
	GlobalSection(SolutionConfigurationPlatforms) = preSolution
		Debug|Any CPU = Debug|Any CPU
		Release|Any CPU = Release|Any CPU
	EndGlobalSection
	GlobalSection(ProjectConfigurationPlatforms) = postSolution
		{DD9595B3-395C-4AD0-B5AD-41F66FB61EE2}.Debug|Any CPU.ActiveCfg = Debug|Any CPU
		{DD9595B3-395C-4AD0-B5AD-41F66FB61EE2}.Debug|Any CPU.Build.0 = Debug|Any CPU
		{DD9595B3-395C-4AD0-B5AD-41F66FB61EE2}.Release|Any CPU.ActiveCfg = Release|Any CPU
		{DD9595B3-395C-4AD0-B5AD-41F66FB61EE2}.Release|Any CPU.Build.0 = Release|Any CPU
	EndGlobalSection
	GlobalSection(SolutionProperties) = preSolution
		HideSolutionNode = FALSE
	EndGlobalSection
	GlobalSection(ExtensibilityGlobals) = postSolution
		SolutionGuid = {F85F252F-710A-4868-8883-D54AF19F1CFB}
	EndGlobalSection
EndGlobal
